
Microsoft Visual Studio Solution File, Format Version 12.00
# Visual Studio Version 17
VisualStudioVersion = 17.12.35527.113 d17.12
MinimumVisualStudioVersion = 10.0.40219.1
Project("{2150E333-8FDC-42A3-9474-1A3956D46DE8}") = "src", "src", "{510EC05C-A8DF-4859-BC87-5F0CD56269F9}"
	ProjectSection(SolutionItems) = preProject
		.gitignore = .gitignore
	EndProjectSection
EndProject
Project("{2150E333-8FDC-42A3-9474-1A3956D46DE8}") = "test", "test", "{AB057F7B-8656-4DE6-AFE1-6C752EE73B66}"
EndProject
Project("{FAE04EC0-301F-11D3-BF4B-00C04F79EFBC}") = "RocketAuction.API", "src\RocketAuction.API\RocketAuction.API.csproj", "{4ACC3509-EC69-4D72-94C7-85E7ABD3661C}"
EndProject
Global
	GlobalSection(SolutionConfigurationPlatforms) = preSolution
		Debug|Any CPU = Debug|Any CPU
		Release|Any CPU = Release|Any CPU
	EndGlobalSection
	GlobalSection(ProjectConfigurationPlatforms) = postSolution
		{4ACC3509-EC69-4D72-94C7-85E7ABD3661C}.Debug|Any CPU.ActiveCfg = Debug|Any CPU
		{4ACC3509-EC69-4D72-94C7-85E7ABD3661C}.Debug|Any CPU.Build.0 = Debug|Any CPU
		{4ACC3509-EC69-4D72-94C7-85E7ABD3661C}.Release|Any CPU.ActiveCfg = Release|Any CPU
		{4ACC3509-EC69-4D72-94C7-85E7ABD3661C}.Release|Any CPU.Build.0 = Release|Any CPU
	EndGlobalSection
	GlobalSection(SolutionProperties) = preSolution
		HideSolutionNode = FALSE
	EndGlobalSection
	GlobalSection(NestedProjects) = preSolution
		{4ACC3509-EC69-4D72-94C7-85E7ABD3661C} = {510EC05C-A8DF-4859-BC87-5F0CD56269F9}
	EndGlobalSection
EndGlobal
